
Microsoft Visual Studio Solution File, Format Version 12.00
# Visual Studio Version 17
VisualStudioVersion = 17.11.35327.3
MinimumVisualStudioVersion = 10.0.40219.1
Project("{9A19103F-16F7-4668-BE54-9A1E7A4F7556}") = "HoGi.CaptchaAuthorize", "HoGi.CaptchaAuthorize.csproj", "{CC9C26A4-34A4-44BB-9AF5-A481A6C66762}"
EndProject
Global
	GlobalSection(SolutionConfigurationPlatforms) = preSolution
		Debug|Any CPU = Debug|Any CPU
		Release|Any CPU = Release|Any CPU
	EndGlobalSection
	GlobalSection(ProjectConfigurationPlatforms) = postSolution
		{CC9C26A4-34A4-44BB-9AF5-A481A6C66762}.Debug|Any CPU.ActiveCfg = Debug|Any CPU
		{CC9C26A4-34A4-44BB-9AF5-A481A6C66762}.Debug|Any CPU.Build.0 = Debug|Any CPU
		{CC9C26A4-34A4-44BB-9AF5-A481A6C66762}.Release|Any CPU.ActiveCfg = Release|Any CPU
		{CC9C26A4-34A4-44BB-9AF5-A481A6C66762}.Release|Any CPU.Build.0 = Release|Any CPU
	EndGlobalSection
	GlobalSection(SolutionProperties) = preSolution
		HideSolutionNode = FALSE
	EndGlobalSection
	GlobalSection(ExtensibilityGlobals) = postSolution
		SolutionGuid = {44A50883-F012-422F-8278-08AB6A60FC23}
	EndGlobalSection
EndGlobal
